{
  "object": {
    "pins": [
      {
        "package": "MauriNet",
        "repositoryURL": "git@github.com:mchirino89/MauriNet.git",
        "state": {
          "branch": null,
          "revision": "dbb3a75350fbf5caaf3f8ebbddf157b552df530a",
          "version": "0.4.2"
        }
      },
      {
        "package": "MauriUtils",
        "repositoryURL": "git@github.com:mchirino89/MauriUtils.git",
        "state": {
          "branch": null,
          "revision": "f2bd8e23d25a78b2aabbcadec2834b6b711241d3",
          "version": "1.3.3"
        }
      },
      {
        "package": "SnapshotTesting",
        "repositoryURL": "https://github.com/pointfreeco/swift-snapshot-testing",
        "state": {
          "branch": null,
          "revision": "c466812aa2e22898f27557e2e780d3aad7a27203",
          "version": "1.8.2"
        }
      }
    ]
  },
  "version": 1
}
