// !$*UTF8*$!
{
	archiveVersion = 1;
	classes = {
	};
	objectVersion = 52;
	objects = {

/* Begin PBXBuildFile section */
		71412CA7262B1F6D00472B34 /* AppDelegate.swift in Sources */ = {isa = PBXBuildFile; fileRef = 71412CA6262B1F6D00472B34 /* AppDelegate.swift */; };
		71412CB0262B1F6D00472B34 /* Assets.xcassets in Resources */ = {isa = PBXBuildFile; fileRef = 71412CAF262B1F6D00472B34 /* Assets.xcassets */; };
		71412CB3262B1F6D00472B34 /* LaunchScreen.storyboard in Resources */ = {isa = PBXBuildFile; fileRef = 71412CB1262B1F6D00472B34 /* LaunchScreen.storyboard */; };
		71412CF1262B246500472B34 /* MainCoordinator.swift in Sources */ = {isa = PBXBuildFile; fileRef = 71412CF0262B246500472B34 /* MainCoordinator.swift */; };
		71412CFA262B27FE00472B34 /* MauriNet in Frameworks */ = {isa = PBXBuildFile; productRef = 71412CF9262B27FE00472B34 /* MauriNet */; };
		71412CFF262B282300472B34 /* MauriUtils in Frameworks */ = {isa = PBXBuildFile; productRef = 71412CFE262B282300472B34 /* MauriUtils */; };
		71412D03262B285800472B34 /* Constants.swift in Sources */ = {isa = PBXBuildFile; fileRef = 71412D02262B285800472B34 /* Constants.swift */; };
		71412D16262B292900472B34 /* Extension+UICollectionView.swift in Sources */ = {isa = PBXBuildFile; fileRef = 71412D14262B292900472B34 /* Extension+UICollectionView.swift */; };
		71412D17262B292900472B34 /* Extension+Navigation.swift in Sources */ = {isa = PBXBuildFile; fileRef = 71412D15262B292900472B34 /* Extension+Navigation.swift */; };
		71412D2A262B2A4100472B34 /* CardSourceable.swift in Sources */ = {isa = PBXBuildFile; fileRef = 71412D21262B2A4100472B34 /* CardSourceable.swift */; };
		71412D2B262B2A4100472B34 /* BookListingPayload.swift in Sources */ = {isa = PBXBuildFile; fileRef = 71412D22262B2A4100472B34 /* BookListingPayload.swift */; };
		71412D2C262B2A4100472B34 /* ListItemViewCell.swift in Sources */ = {isa = PBXBuildFile; fileRef = 71412D23262B2A4100472B34 /* ListItemViewCell.swift */; };
		71412D2D262B2A4100472B34 /* ItemDataSource.swift in Sources */ = {isa = PBXBuildFile; fileRef = 71412D24262B2A4100472B34 /* ItemDataSource.swift */; };
		71412D2E262B2A4100472B34 /* ListItemViewCell.xib in Resources */ = {isa = PBXBuildFile; fileRef = 71412D25262B2A4100472B34 /* ListItemViewCell.xib */; };
		71412D2F262B2A4100472B34 /* MainListingViewController.swift in Sources */ = {isa = PBXBuildFile; fileRef = 71412D27262B2A4100472B34 /* MainListingViewController.swift */; };
		71412D30262B2A4100472B34 /* MainListingViewController.xib in Resources */ = {isa = PBXBuildFile; fileRef = 71412D28262B2A4100472B34 /* MainListingViewController.xib */; };
		71412D31262B2A4100472B34 /* MainListBuilder.swift in Sources */ = {isa = PBXBuildFile; fileRef = 71412D29262B2A4100472B34 /* MainListBuilder.swift */; };
		71412D38262B2ADF00472B34 /* MainListViewModel.swift in Sources */ = {isa = PBXBuildFile; fileRef = 71412D37262B2ADF00472B34 /* MainListViewModel.swift */; };
		71412D41262B2B5100472B34 /* CoinHandler.swift in Sources */ = {isa = PBXBuildFile; fileRef = 71412D40262B2B5100472B34 /* CoinHandler.swift */; };
		71412D76262B2D3300472B34 /* BookRepositoryTestCases.swift in Sources */ = {isa = PBXBuildFile; fileRef = 71412D69262B2D3300472B34 /* BookRepositoryTestCases.swift */; };
		71412D77262B2D3300472B34 /* FailingResponse.json in Resources */ = {isa = PBXBuildFile; fileRef = 71412D6E262B2D3300472B34 /* FailingResponse.json */; };
		71412D78262B2D3300472B34 /* SuccessfulResponse.json in Resources */ = {isa = PBXBuildFile; fileRef = 71412D6F262B2D3300472B34 /* SuccessfulResponse.json */; };
		71412D79262B2D3300472B34 /* FailureRequestManagerMocks.swift in Sources */ = {isa = PBXBuildFile; fileRef = 71412D71262B2D3300472B34 /* FailureRequestManagerMocks.swift */; };
		71412D7A262B2D3300472B34 /* FakeBookRepo.swift in Sources */ = {isa = PBXBuildFile; fileRef = 71412D74262B2D3300472B34 /* FakeBookRepo.swift */; };
		71412D93262B456A00472B34 /* DetailsRepository.swift in Sources */ = {isa = PBXBuildFile; fileRef = 71412D87262B456A00472B34 /* DetailsRepository.swift */; };
		71412D94262B456A00472B34 /* BookRepository.swift in Sources */ = {isa = PBXBuildFile; fileRef = 71412D88262B456A00472B34 /* BookRepository.swift */; };
		71412D95262B456A00472B34 /* BookDetailsDTO.swift in Sources */ = {isa = PBXBuildFile; fileRef = 71412D8A262B456A00472B34 /* BookDetailsDTO.swift */; };
		71412D96262B456A00472B34 /* BookOverviewDTO.swift in Sources */ = {isa = PBXBuildFile; fileRef = 71412D8B262B456A00472B34 /* BookOverviewDTO.swift */; };
		71412D97262B456A00472B34 /* DetailsSetup.swift in Sources */ = {isa = PBXBuildFile; fileRef = 71412D8E262B456A00472B34 /* DetailsSetup.swift */; };
		71412D98262B456A00472B34 /* DetailsSetup.plist in Resources */ = {isa = PBXBuildFile; fileRef = 71412D8F262B456A00472B34 /* DetailsSetup.plist */; };
		71412D99262B456A00472B34 /* RepoSetup.swift in Sources */ = {isa = PBXBuildFile; fileRef = 71412D91262B456A00472B34 /* RepoSetup.swift */; };
		71412D9A262B456A00472B34 /* RepoSetup.plist in Resources */ = {isa = PBXBuildFile; fileRef = 71412D92262B456A00472B34 /* RepoSetup.plist */; };
		71412DA0262B45F700472B34 /* DetailsViewModel.swift in Sources */ = {isa = PBXBuildFile; fileRef = 71412D9F262B45F700472B34 /* DetailsViewModel.swift */; };
		71412DA9262B463E00472B34 /* DetailsViewController.xib in Resources */ = {isa = PBXBuildFile; fileRef = 71412DA5262B463E00472B34 /* DetailsViewController.xib */; };
		71412DAA262B463E00472B34 /* DetailsDataSource.swift in Sources */ = {isa = PBXBuildFile; fileRef = 71412DA6262B463E00472B34 /* DetailsDataSource.swift */; };
		71412DAB262B463E00472B34 /* BookDetailsPayload.swift in Sources */ = {isa = PBXBuildFile; fileRef = 71412DA7262B463E00472B34 /* BookDetailsPayload.swift */; };
		71412DAC262B463E00472B34 /* DetailsViewController.swift in Sources */ = {isa = PBXBuildFile; fileRef = 71412DA8262B463E00472B34 /* DetailsViewController.swift */; };
		71412DB6262B48BB00472B34 /* InfiniteListViewController.xib in Resources */ = {isa = PBXBuildFile; fileRef = 71412DB1262B48BB00472B34 /* InfiniteListViewController.xib */; };
		71412DB7262B48BB00472B34 /* InfiniteListViewController.swift in Sources */ = {isa = PBXBuildFile; fileRef = 71412DB2262B48BB00472B34 /* InfiniteListViewController.swift */; };
		71412DB8262B48BB00472B34 /* BookItemCell.xib in Resources */ = {isa = PBXBuildFile; fileRef = 71412DB4262B48BB00472B34 /* BookItemCell.xib */; };
		71412DB9262B48BB00472B34 /* BookItemCell.swift in Sources */ = {isa = PBXBuildFile; fileRef = 71412DB5262B48BB00472B34 /* BookItemCell.swift */; };
		7180C2D2262B60890078AEFE /* GraphicsViewController.swift in Sources */ = {isa = PBXBuildFile; fileRef = 7180C2D0262B60890078AEFE /* GraphicsViewController.swift */; };
		7180C2D3262B60890078AEFE /* GraphicsViewController.xib in Resources */ = {isa = PBXBuildFile; fileRef = 7180C2D1262B60890078AEFE /* GraphicsViewController.xib */; };
		7180C2D9262B61250078AEFE /* Extension+UIViewController.swift in Sources */ = {isa = PBXBuildFile; fileRef = 7180C2D8262B61250078AEFE /* Extension+UIViewController.swift */; };
		7180C2DF262B6AEC0078AEFE /* GraphicsViewModel.swift in Sources */ = {isa = PBXBuildFile; fileRef = 7180C2DE262B6AEC0078AEFE /* GraphicsViewModel.swift */; };
		71C7E28F262B6B9200B13871 /* GraphicsSetup.swift in Sources */ = {isa = PBXBuildFile; fileRef = 71C7E28E262B6B9200B13871 /* GraphicsSetup.swift */; };
		71C7E293262B6BE400B13871 /* GraphicsSetup.plist in Resources */ = {isa = PBXBuildFile; fileRef = 71C7E292262B6BE300B13871 /* GraphicsSetup.plist */; };
		71C7E297262B6CC500B13871 /* GraphicsTimeFrameDTO.swift in Sources */ = {isa = PBXBuildFile; fileRef = 71C7E296262B6CC500B13871 /* GraphicsTimeFrameDTO.swift */; };
		71C7E29B262B6D2100B13871 /* ResponsePayload.swift in Sources */ = {isa = PBXBuildFile; fileRef = 71C7E29A262B6D2100B13871 /* ResponsePayload.swift */; };
		71C7E2A2262B6E5B00B13871 /* GraphicsRepository.swift in Sources */ = {isa = PBXBuildFile; fileRef = 71C7E2A1262B6E5B00B13871 /* GraphicsRepository.swift */; };
/* End PBXBuildFile section */

/* Begin PBXContainerItemProxy section */
		71412CBA262B1F6E00472B34 /* PBXContainerItemProxy */ = {
			isa = PBXContainerItemProxy;
			containerPortal = 71412C9B262B1F6D00472B34 /* Project object */;
			proxyType = 1;
			remoteGlobalIDString = 71412CA2262B1F6D00472B34;
			remoteInfo = CriptoWatcher;
		};
/* End PBXContainerItemProxy section */

/* Begin PBXFileReference section */
		71412CA3262B1F6D00472B34 /* CriptoWatcher.app */ = {isa = PBXFileReference; explicitFileType = wrapper.application; includeInIndex = 0; path = CriptoWatcher.app; sourceTree = BUILT_PRODUCTS_DIR; };
		71412CA6262B1F6D00472B34 /* AppDelegate.swift */ = {isa = PBXFileReference; lastKnownFileType = sourcecode.swift; path = AppDelegate.swift; sourceTree = "<group>"; };
		71412CAF262B1F6D00472B34 /* Assets.xcassets */ = {isa = PBXFileReference; lastKnownFileType = folder.assetcatalog; path = Assets.xcassets; sourceTree = "<group>"; };
		71412CB2262B1F6D00472B34 /* Base */ = {isa = PBXFileReference; lastKnownFileType = file.storyboard; name = Base; path = Base.lproj/LaunchScreen.storyboard; sourceTree = "<group>"; };
		71412CB4262B1F6D00472B34 /* Info.plist */ = {isa = PBXFileReference; lastKnownFileType = text.plist.xml; path = Info.plist; sourceTree = "<group>"; };
		71412CB9262B1F6E00472B34 /* CriptoWatcherTests.xctest */ = {isa = PBXFileReference; explicitFileType = wrapper.cfbundle; includeInIndex = 0; path = CriptoWatcherTests.xctest; sourceTree = BUILT_PRODUCTS_DIR; };
		71412CBF262B1F6E00472B34 /* Info.plist */ = {isa = PBXFileReference; lastKnownFileType = text.plist.xml; path = Info.plist; sourceTree = "<group>"; };
		71412CF0262B246500472B34 /* MainCoordinator.swift */ = {isa = PBXFileReference; lastKnownFileType = sourcecode.swift; path = MainCoordinator.swift; sourceTree = "<group>"; };
		71412D02262B285800472B34 /* Constants.swift */ = {isa = PBXFileReference; fileEncoding = 4; lastKnownFileType = sourcecode.swift; path = Constants.swift; sourceTree = "<group>"; };
		71412D14262B292900472B34 /* Extension+UICollectionView.swift */ = {isa = PBXFileReference; fileEncoding = 4; lastKnownFileType = sourcecode.swift; path = "Extension+UICollectionView.swift"; sourceTree = "<group>"; };
		71412D15262B292900472B34 /* Extension+Navigation.swift */ = {isa = PBXFileReference; fileEncoding = 4; lastKnownFileType = sourcecode.swift; path = "Extension+Navigation.swift"; sourceTree = "<group>"; };
		71412D21262B2A4100472B34 /* CardSourceable.swift */ = {isa = PBXFileReference; fileEncoding = 4; lastKnownFileType = sourcecode.swift; path = CardSourceable.swift; sourceTree = "<group>"; };
		71412D22262B2A4100472B34 /* BookListingPayload.swift */ = {isa = PBXFileReference; fileEncoding = 4; lastKnownFileType = sourcecode.swift; path = BookListingPayload.swift; sourceTree = "<group>"; };
		71412D23262B2A4100472B34 /* ListItemViewCell.swift */ = {isa = PBXFileReference; fileEncoding = 4; lastKnownFileType = sourcecode.swift; path = ListItemViewCell.swift; sourceTree = "<group>"; };
		71412D24262B2A4100472B34 /* ItemDataSource.swift */ = {isa = PBXFileReference; fileEncoding = 4; lastKnownFileType = sourcecode.swift; path = ItemDataSource.swift; sourceTree = "<group>"; };
		71412D25262B2A4100472B34 /* ListItemViewCell.xib */ = {isa = PBXFileReference; fileEncoding = 4; lastKnownFileType = file.xib; path = ListItemViewCell.xib; sourceTree = "<group>"; };
		71412D27262B2A4100472B34 /* MainListingViewController.swift */ = {isa = PBXFileReference; fileEncoding = 4; lastKnownFileType = sourcecode.swift; path = MainListingViewController.swift; sourceTree = "<group>"; };
		71412D28262B2A4100472B34 /* MainListingViewController.xib */ = {isa = PBXFileReference; fileEncoding = 4; lastKnownFileType = file.xib; path = MainListingViewController.xib; sourceTree = "<group>"; };
		71412D29262B2A4100472B34 /* MainListBuilder.swift */ = {isa = PBXFileReference; fileEncoding = 4; lastKnownFileType = sourcecode.swift; path = MainListBuilder.swift; sourceTree = "<group>"; };
		71412D37262B2ADF00472B34 /* MainListViewModel.swift */ = {isa = PBXFileReference; fileEncoding = 4; lastKnownFileType = sourcecode.swift; path = MainListViewModel.swift; sourceTree = "<group>"; };
		71412D40262B2B5100472B34 /* CoinHandler.swift */ = {isa = PBXFileReference; fileEncoding = 4; lastKnownFileType = sourcecode.swift; path = CoinHandler.swift; sourceTree = "<group>"; };
		71412D69262B2D3300472B34 /* BookRepositoryTestCases.swift */ = {isa = PBXFileReference; fileEncoding = 4; lastKnownFileType = sourcecode.swift; path = BookRepositoryTestCases.swift; sourceTree = "<group>"; };
		71412D6E262B2D3300472B34 /* FailingResponse.json */ = {isa = PBXFileReference; fileEncoding = 4; lastKnownFileType = text.json; path = FailingResponse.json; sourceTree = "<group>"; };
		71412D6F262B2D3300472B34 /* SuccessfulResponse.json */ = {isa = PBXFileReference; fileEncoding = 4; lastKnownFileType = text.json; path = SuccessfulResponse.json; sourceTree = "<group>"; };
		71412D71262B2D3300472B34 /* FailureRequestManagerMocks.swift */ = {isa = PBXFileReference; fileEncoding = 4; lastKnownFileType = sourcecode.swift; path = FailureRequestManagerMocks.swift; sourceTree = "<group>"; };
		71412D74262B2D3300472B34 /* FakeBookRepo.swift */ = {isa = PBXFileReference; fileEncoding = 4; lastKnownFileType = sourcecode.swift; path = FakeBookRepo.swift; sourceTree = "<group>"; };
		71412D87262B456A00472B34 /* DetailsRepository.swift */ = {isa = PBXFileReference; fileEncoding = 4; lastKnownFileType = sourcecode.swift; path = DetailsRepository.swift; sourceTree = "<group>"; };
		71412D88262B456A00472B34 /* BookRepository.swift */ = {isa = PBXFileReference; fileEncoding = 4; lastKnownFileType = sourcecode.swift; path = BookRepository.swift; sourceTree = "<group>"; };
		71412D8A262B456A00472B34 /* BookDetailsDTO.swift */ = {isa = PBXFileReference; fileEncoding = 4; lastKnownFileType = sourcecode.swift; path = BookDetailsDTO.swift; sourceTree = "<group>"; };
		71412D8B262B456A00472B34 /* BookOverviewDTO.swift */ = {isa = PBXFileReference; fileEncoding = 4; lastKnownFileType = sourcecode.swift; path = BookOverviewDTO.swift; sourceTree = "<group>"; };
		71412D8E262B456A00472B34 /* DetailsSetup.swift */ = {isa = PBXFileReference; fileEncoding = 4; lastKnownFileType = sourcecode.swift; path = DetailsSetup.swift; sourceTree = "<group>"; };
		71412D8F262B456A00472B34 /* DetailsSetup.plist */ = {isa = PBXFileReference; fileEncoding = 4; lastKnownFileType = text.plist.xml; path = DetailsSetup.plist; sourceTree = "<group>"; };
		71412D91262B456A00472B34 /* RepoSetup.swift */ = {isa = PBXFileReference; fileEncoding = 4; lastKnownFileType = sourcecode.swift; path = RepoSetup.swift; sourceTree = "<group>"; };
		71412D92262B456A00472B34 /* RepoSetup.plist */ = {isa = PBXFileReference; fileEncoding = 4; lastKnownFileType = text.plist.xml; path = RepoSetup.plist; sourceTree = "<group>"; };
		71412D9F262B45F700472B34 /* DetailsViewModel.swift */ = {isa = PBXFileReference; lastKnownFileType = sourcecode.swift; path = DetailsViewModel.swift; sourceTree = "<group>"; };
		71412DA5262B463E00472B34 /* DetailsViewController.xib */ = {isa = PBXFileReference; fileEncoding = 4; lastKnownFileType = file.xib; path = DetailsViewController.xib; sourceTree = "<group>"; };
		71412DA6262B463E00472B34 /* DetailsDataSource.swift */ = {isa = PBXFileReference; fileEncoding = 4; lastKnownFileType = sourcecode.swift; path = DetailsDataSource.swift; sourceTree = "<group>"; };
		71412DA7262B463E00472B34 /* BookDetailsPayload.swift */ = {isa = PBXFileReference; fileEncoding = 4; lastKnownFileType = sourcecode.swift; path = BookDetailsPayload.swift; sourceTree = "<group>"; };
		71412DA8262B463E00472B34 /* DetailsViewController.swift */ = {isa = PBXFileReference; fileEncoding = 4; lastKnownFileType = sourcecode.swift; path = DetailsViewController.swift; sourceTree = "<group>"; };
		71412DB1262B48BB00472B34 /* InfiniteListViewController.xib */ = {isa = PBXFileReference; fileEncoding = 4; lastKnownFileType = file.xib; path = InfiniteListViewController.xib; sourceTree = "<group>"; };
		71412DB2262B48BB00472B34 /* InfiniteListViewController.swift */ = {isa = PBXFileReference; fileEncoding = 4; lastKnownFileType = sourcecode.swift; path = InfiniteListViewController.swift; sourceTree = "<group>"; };
		71412DB4262B48BB00472B34 /* BookItemCell.xib */ = {isa = PBXFileReference; fileEncoding = 4; lastKnownFileType = file.xib; path = BookItemCell.xib; sourceTree = "<group>"; };
		71412DB5262B48BB00472B34 /* BookItemCell.swift */ = {isa = PBXFileReference; fileEncoding = 4; lastKnownFileType = sourcecode.swift; path = BookItemCell.swift; sourceTree = "<group>"; };
		7180C2D0262B60890078AEFE /* GraphicsViewController.swift */ = {isa = PBXFileReference; lastKnownFileType = sourcecode.swift; path = GraphicsViewController.swift; sourceTree = "<group>"; };
		7180C2D1262B60890078AEFE /* GraphicsViewController.xib */ = {isa = PBXFileReference; lastKnownFileType = file.xib; path = GraphicsViewController.xib; sourceTree = "<group>"; };
		7180C2D8262B61250078AEFE /* Extension+UIViewController.swift */ = {isa = PBXFileReference; lastKnownFileType = sourcecode.swift; path = "Extension+UIViewController.swift"; sourceTree = "<group>"; };
		7180C2DE262B6AEC0078AEFE /* GraphicsViewModel.swift */ = {isa = PBXFileReference; lastKnownFileType = sourcecode.swift; path = GraphicsViewModel.swift; sourceTree = "<group>"; };
		71C7E28E262B6B9200B13871 /* GraphicsSetup.swift */ = {isa = PBXFileReference; lastKnownFileType = sourcecode.swift; path = GraphicsSetup.swift; sourceTree = "<group>"; };
		71C7E292262B6BE300B13871 /* GraphicsSetup.plist */ = {isa = PBXFileReference; fileEncoding = 4; lastKnownFileType = text.plist.xml; path = GraphicsSetup.plist; sourceTree = "<group>"; };
		71C7E296262B6CC500B13871 /* GraphicsTimeFrameDTO.swift */ = {isa = PBXFileReference; lastKnownFileType = sourcecode.swift; path = GraphicsTimeFrameDTO.swift; sourceTree = "<group>"; };
		71C7E29A262B6D2100B13871 /* ResponsePayload.swift */ = {isa = PBXFileReference; lastKnownFileType = sourcecode.swift; path = ResponsePayload.swift; sourceTree = "<group>"; };
		71C7E2A1262B6E5B00B13871 /* GraphicsRepository.swift */ = {isa = PBXFileReference; lastKnownFileType = sourcecode.swift; path = GraphicsRepository.swift; sourceTree = "<group>"; };
/* End PBXFileReference section */

/* Begin PBXFrameworksBuildPhase section */
		71412CA0262B1F6D00472B34 /* Frameworks */ = {
			isa = PBXFrameworksBuildPhase;
			buildActionMask = 2147483647;
			files = (
				71412CFA262B27FE00472B34 /* MauriNet in Frameworks */,
				71412CFF262B282300472B34 /* MauriUtils in Frameworks */,
			);
			runOnlyForDeploymentPostprocessing = 0;
		};
		71412CB6262B1F6E00472B34 /* Frameworks */ = {
			isa = PBXFrameworksBuildPhase;
			buildActionMask = 2147483647;
			files = (
			);
			runOnlyForDeploymentPostprocessing = 0;
		};
/* End PBXFrameworksBuildPhase section */

/* Begin PBXGroup section */
		71412C9A262B1F6D00472B34 = {
			isa = PBXGroup;
			children = (
				71412CA5262B1F6D00472B34 /* CriptoWatcher */,
				71412CBC262B1F6E00472B34 /* CriptoWatcherTests */,
				71412CA4262B1F6D00472B34 /* Products */,
			);
			sourceTree = "<group>";
		};
		71412CA4262B1F6D00472B34 /* Products */ = {
			isa = PBXGroup;
			children = (
				71412CA3262B1F6D00472B34 /* CriptoWatcher.app */,
				71412CB9262B1F6E00472B34 /* CriptoWatcherTests.xctest */,
			);
			name = Products;
			sourceTree = "<group>";
		};
		71412CA5262B1F6D00472B34 /* CriptoWatcher */ = {
			isa = PBXGroup;
			children = (
				71412CB4262B1F6D00472B34 /* Info.plist */,
				71412CE3262B23FC00472B34 /* Core */,
				71412CE9262B243100472B34 /* Delivery */,
				71412D85262B456A00472B34 /* Infrastructure */,
				71412CE6262B240700472B34 /* UI */,
			);
			path = CriptoWatcher;
			sourceTree = "<group>";
		};
		71412CBC262B1F6E00472B34 /* CriptoWatcherTests */ = {
			isa = PBXGroup;
			children = (
				71412CBF262B1F6E00472B34 /* Info.plist */,
				71412D68262B2D3300472B34 /* TestCases */,
				71412D6A262B2D3300472B34 /* TestDoubles */,
			);
			path = CriptoWatcherTests;
			sourceTree = "<group>";
		};
		71412CE3262B23FC00472B34 /* Core */ = {
			isa = PBXGroup;
			children = (
				71412CA6262B1F6D00472B34 /* AppDelegate.swift */,
			);
			path = Core;
			sourceTree = "<group>";
		};
		71412CE6262B240700472B34 /* UI */ = {
			isa = PBXGroup;
			children = (
				71412CE7262B241500472B34 /* Cross */,
				71412D13262B292900472B34 /* Extensions */,
				71412CE8262B241C00472B34 /* Storyboards */,
			);
			path = UI;
			sourceTree = "<group>";
		};
		71412CE7262B241500472B34 /* Cross */ = {
			isa = PBXGroup;
			children = (
				71412D02262B285800472B34 /* Constants.swift */,
				71412CAF262B1F6D00472B34 /* Assets.xcassets */,
			);
			path = Cross;
			sourceTree = "<group>";
		};
		71412CE8262B241C00472B34 /* Storyboards */ = {
			isa = PBXGroup;
			children = (
				71412CB1262B1F6D00472B34 /* LaunchScreen.storyboard */,
			);
			path = Storyboards;
			sourceTree = "<group>";
		};
		71412CE9262B243100472B34 /* Delivery */ = {
			isa = PBXGroup;
			children = (
				71412D34262B2A5F00472B34 /* Business */,
				71412D1A262B2A2900472B34 /* Components */,
				71412CEF262B245300472B34 /* Navigation */,
			);
			path = Delivery;
			sourceTree = "<group>";
		};
		71412CEF262B245300472B34 /* Navigation */ = {
			isa = PBXGroup;
			children = (
				71412CF0262B246500472B34 /* MainCoordinator.swift */,
			);
			path = Navigation;
			sourceTree = "<group>";
		};
		71412D13262B292900472B34 /* Extensions */ = {
			isa = PBXGroup;
			children = (
				71412D15262B292900472B34 /* Extension+Navigation.swift */,
				71412D14262B292900472B34 /* Extension+UICollectionView.swift */,
				7180C2D8262B61250078AEFE /* Extension+UIViewController.swift */,
			);
			path = Extensions;
			sourceTree = "<group>";
		};
		71412D1A262B2A2900472B34 /* Components */ = {
			isa = PBXGroup;
			children = (
				71412DA3262B463000472B34 /* Detail */,
				71412D1F262B2A4100472B34 /* Listing */,
			);
			path = Components;
			sourceTree = "<group>";
		};
		71412D1F262B2A4100472B34 /* Listing */ = {
			isa = PBXGroup;
			children = (
				71412D20262B2A4100472B34 /* Item */,
				71412D26262B2A4100472B34 /* List */,
			);
			path = Listing;
			sourceTree = "<group>";
		};
		71412D20262B2A4100472B34 /* Item */ = {
			isa = PBXGroup;
			children = (
				71412D21262B2A4100472B34 /* CardSourceable.swift */,
				71412D22262B2A4100472B34 /* BookListingPayload.swift */,
				71412D23262B2A4100472B34 /* ListItemViewCell.swift */,
				71412D24262B2A4100472B34 /* ItemDataSource.swift */,
				71412D25262B2A4100472B34 /* ListItemViewCell.xib */,
			);
			path = Item;
			sourceTree = "<group>";
		};
		71412D26262B2A4100472B34 /* List */ = {
			isa = PBXGroup;
			children = (
				71412D27262B2A4100472B34 /* MainListingViewController.swift */,
				71412D28262B2A4100472B34 /* MainListingViewController.xib */,
				71412D29262B2A4100472B34 /* MainListBuilder.swift */,
			);
			path = List;
			sourceTree = "<group>";
		};
		71412D34262B2A5F00472B34 /* Business */ = {
			isa = PBXGroup;
			children = (
				71412D35262B2A6C00472B34 /* Cross */,
				71412D36262B2A7100472B34 /* ViewModels */,
			);
			path = Business;
			sourceTree = "<group>";
		};
		71412D35262B2A6C00472B34 /* Cross */ = {
			isa = PBXGroup;
			children = (
				71412D40262B2B5100472B34 /* CoinHandler.swift */,
			);
			path = Cross;
			sourceTree = "<group>";
		};
		71412D36262B2A7100472B34 /* ViewModels */ = {
			isa = PBXGroup;
			children = (
				71412D9F262B45F700472B34 /* DetailsViewModel.swift */,
				7180C2DE262B6AEC0078AEFE /* GraphicsViewModel.swift */,
				71412D37262B2ADF00472B34 /* MainListViewModel.swift */,
			);
			path = ViewModels;
			sourceTree = "<group>";
		};
		71412D68262B2D3300472B34 /* TestCases */ = {
			isa = PBXGroup;
			children = (
				71412D69262B2D3300472B34 /* BookRepositoryTestCases.swift */,
			);
			path = TestCases;
			sourceTree = "<group>";
		};
		71412D6A262B2D3300472B34 /* TestDoubles */ = {
			isa = PBXGroup;
			children = (
				71412D6B262B2D3300472B34 /* Mocks */,
				71412D73262B2D3300472B34 /* Fakes */,
			);
			path = TestDoubles;
			sourceTree = "<group>";
		};
		71412D6B262B2D3300472B34 /* Mocks */ = {
			isa = PBXGroup;
			children = (
				71412D6D262B2D3300472B34 /* JSON */,
				71412D70262B2D3300472B34 /* RequestManager */,
			);
			path = Mocks;
			sourceTree = "<group>";
		};
		71412D6D262B2D3300472B34 /* JSON */ = {
			isa = PBXGroup;
			children = (
				71412D6E262B2D3300472B34 /* FailingResponse.json */,
				71412D6F262B2D3300472B34 /* SuccessfulResponse.json */,
			);
			path = JSON;
			sourceTree = "<group>";
		};
		71412D70262B2D3300472B34 /* RequestManager */ = {
			isa = PBXGroup;
			children = (
				71412D71262B2D3300472B34 /* FailureRequestManagerMocks.swift */,
			);
			path = RequestManager;
			sourceTree = "<group>";
		};
		71412D73262B2D3300472B34 /* Fakes */ = {
			isa = PBXGroup;
			children = (
				71412D74262B2D3300472B34 /* FakeBookRepo.swift */,
			);
			path = Fakes;
			sourceTree = "<group>";
		};
		71412D85262B456A00472B34 /* Infrastructure */ = {
			isa = PBXGroup;
			children = (
				71C7E29E262B6E3900B13871 /* Payload */,
				71412D86262B456A00472B34 /* Repositories */,
				71412D8C262B456A00472B34 /* Services */,
			);
			path = Infrastructure;
			sourceTree = "<group>";
		};
		71412D86262B456A00472B34 /* Repositories */ = {
			isa = PBXGroup;
			children = (
				71412D88262B456A00472B34 /* BookRepository.swift */,
				71412D87262B456A00472B34 /* DetailsRepository.swift */,
				71C7E2A1262B6E5B00B13871 /* GraphicsRepository.swift */,
			);
			path = Repositories;
			sourceTree = "<group>";
		};
		71412D89262B456A00472B34 /* DTOs */ = {
			isa = PBXGroup;
			children = (
				71412D8A262B456A00472B34 /* BookDetailsDTO.swift */,
				71412D8B262B456A00472B34 /* BookOverviewDTO.swift */,
				71C7E296262B6CC500B13871 /* GraphicsTimeFrameDTO.swift */,
			);
			path = DTOs;
			sourceTree = "<group>";
		};
		71412D8C262B456A00472B34 /* Services */ = {
			isa = PBXGroup;
			children = (
				71C7E28D262B6B6700B13871 /* GraphicsSetup */,
				71412D8D262B456A00472B34 /* DetailsSetup */,
				71412D90262B456A00472B34 /* MainListSetup */,
			);
			path = Services;
			sourceTree = "<group>";
		};
		71412D8D262B456A00472B34 /* DetailsSetup */ = {
			isa = PBXGroup;
			children = (
				71412D8E262B456A00472B34 /* DetailsSetup.swift */,
				71412D8F262B456A00472B34 /* DetailsSetup.plist */,
			);
			path = DetailsSetup;
			sourceTree = "<group>";
		};
		71412D90262B456A00472B34 /* MainListSetup */ = {
			isa = PBXGroup;
			children = (
				71412D91262B456A00472B34 /* RepoSetup.swift */,
				71412D92262B456A00472B34 /* RepoSetup.plist */,
			);
			path = MainListSetup;
			sourceTree = "<group>";
		};
		71412DA3262B463000472B34 /* Detail */ = {
			isa = PBXGroup;
			children = (
				71412DA4262B463E00472B34 /* Container */,
				7180C2CF262B5F0D0078AEFE /* Graphic */,
				71412DAF262B48BA00472B34 /* InfinitScroll */,
			);
			path = Detail;
			sourceTree = "<group>";
		};
		71412DA4262B463E00472B34 /* Container */ = {
			isa = PBXGroup;
			children = (
				71412DA5262B463E00472B34 /* DetailsViewController.xib */,
				71412DA6262B463E00472B34 /* DetailsDataSource.swift */,
				71412DA7262B463E00472B34 /* BookDetailsPayload.swift */,
				71412DA8262B463E00472B34 /* DetailsViewController.swift */,
			);
			path = Container;
			sourceTree = "<group>";
		};
		71412DAF262B48BA00472B34 /* InfinitScroll */ = {
			isa = PBXGroup;
			children = (
				71412DB0262B48BA00472B34 /* Container */,
				71412DB3262B48BB00472B34 /* Item */,
			);
			path = InfinitScroll;
			sourceTree = "<group>";
		};
		71412DB0262B48BA00472B34 /* Container */ = {
			isa = PBXGroup;
			children = (
				71412DB1262B48BB00472B34 /* InfiniteListViewController.xib */,
				71412DB2262B48BB00472B34 /* InfiniteListViewController.swift */,
			);
			path = Container;
			sourceTree = "<group>";
		};
		71412DB3262B48BB00472B34 /* Item */ = {
			isa = PBXGroup;
			children = (
				71412DB4262B48BB00472B34 /* BookItemCell.xib */,
				71412DB5262B48BB00472B34 /* BookItemCell.swift */,
			);
			path = Item;
			sourceTree = "<group>";
		};
		7180C2CF262B5F0D0078AEFE /* Graphic */ = {
			isa = PBXGroup;
			children = (
				7180C2D0262B60890078AEFE /* GraphicsViewController.swift */,
				7180C2D1262B60890078AEFE /* GraphicsViewController.xib */,
			);
			path = Graphic;
			sourceTree = "<group>";
		};
		71C7E28D262B6B6700B13871 /* GraphicsSetup */ = {
			isa = PBXGroup;
			children = (
				71C7E292262B6BE300B13871 /* GraphicsSetup.plist */,
				71C7E28E262B6B9200B13871 /* GraphicsSetup.swift */,
			);
			path = GraphicsSetup;
			sourceTree = "<group>";
		};
		71C7E29E262B6E3900B13871 /* Payload */ = {
			isa = PBXGroup;
			children = (
				71C7E29A262B6D2100B13871 /* ResponsePayload.swift */,
				71412D89262B456A00472B34 /* DTOs */,
			);
			path = Payload;
			sourceTree = "<group>";
		};
/* End PBXGroup section */

/* Begin PBXNativeTarget section */
		71412CA2262B1F6D00472B34 /* CriptoWatcher */ = {
			isa = PBXNativeTarget;
			buildConfigurationList = 71412CCD262B1F6E00472B34 /* Build configuration list for PBXNativeTarget "CriptoWatcher" */;
			buildPhases = (
				71412C9F262B1F6D00472B34 /* Sources */,
				71412CA0262B1F6D00472B34 /* Frameworks */,
				71412CA1262B1F6D00472B34 /* Resources */,
			);
			buildRules = (
			);
			dependencies = (
			);
			name = CriptoWatcher;
			packageProductDependencies = (
				71412CF9262B27FE00472B34 /* MauriNet */,
				71412CFE262B282300472B34 /* MauriUtils */,
			);
			productName = CriptoWatcher;
			productReference = 71412CA3262B1F6D00472B34 /* CriptoWatcher.app */;
			productType = "com.apple.product-type.application";
		};
		71412CB8262B1F6E00472B34 /* CriptoWatcherTests */ = {
			isa = PBXNativeTarget;
			buildConfigurationList = 71412CD0262B1F6E00472B34 /* Build configuration list for PBXNativeTarget "CriptoWatcherTests" */;
			buildPhases = (
				71412CB5262B1F6E00472B34 /* Sources */,
				71412CB6262B1F6E00472B34 /* Frameworks */,
				71412CB7262B1F6E00472B34 /* Resources */,
			);
			buildRules = (
			);
			dependencies = (
				71412CBB262B1F6E00472B34 /* PBXTargetDependency */,
			);
			name = CriptoWatcherTests;
			productName = CriptoWatcherTests;
			productReference = 71412CB9262B1F6E00472B34 /* CriptoWatcherTests.xctest */;
			productType = "com.apple.product-type.bundle.unit-test";
		};
/* End PBXNativeTarget section */

/* Begin PBXProject section */
		71412C9B262B1F6D00472B34 /* Project object */ = {
			isa = PBXProject;
			attributes = {
				LastSwiftUpdateCheck = 1240;
				LastUpgradeCheck = 1240;
				TargetAttributes = {
					71412CA2262B1F6D00472B34 = {
						CreatedOnToolsVersion = 12.4;
					};
					71412CB8262B1F6E00472B34 = {
						CreatedOnToolsVersion = 12.4;
						TestTargetID = 71412CA2262B1F6D00472B34;
					};
				};
			};
			buildConfigurationList = 71412C9E262B1F6D00472B34 /* Build configuration list for PBXProject "CriptoWatcher" */;
			compatibilityVersion = "Xcode 9.3";
			developmentRegion = en;
			hasScannedForEncodings = 0;
			knownRegions = (
				en,
				Base,
			);
			mainGroup = 71412C9A262B1F6D00472B34;
			packageReferences = (
				71412CF8262B27FE00472B34 /* XCRemoteSwiftPackageReference "MauriNet" */,
				71412CFD262B282300472B34 /* XCRemoteSwiftPackageReference "MauriUtils" */,
			);
			productRefGroup = 71412CA4262B1F6D00472B34 /* Products */;
			projectDirPath = "";
			projectRoot = "";
			targets = (
				71412CA2262B1F6D00472B34 /* CriptoWatcher */,
				71412CB8262B1F6E00472B34 /* CriptoWatcherTests */,
			);
		};
/* End PBXProject section */

/* Begin PBXResourcesBuildPhase section */
		71412CA1262B1F6D00472B34 /* Resources */ = {
			isa = PBXResourcesBuildPhase;
			buildActionMask = 2147483647;
			files = (
				71412DB6262B48BB00472B34 /* InfiniteListViewController.xib in Resources */,
				71412DA9262B463E00472B34 /* DetailsViewController.xib in Resources */,
				71412D98262B456A00472B34 /* DetailsSetup.plist in Resources */,
				71412D30262B2A4100472B34 /* MainListingViewController.xib in Resources */,
				71C7E293262B6BE400B13871 /* GraphicsSetup.plist in Resources */,
				71412CB3262B1F6D00472B34 /* LaunchScreen.storyboard in Resources */,
				7180C2D3262B60890078AEFE /* GraphicsViewController.xib in Resources */,
				71412D2E262B2A4100472B34 /* ListItemViewCell.xib in Resources */,
				71412DB8262B48BB00472B34 /* BookItemCell.xib in Resources */,
				71412D9A262B456A00472B34 /* RepoSetup.plist in Resources */,
				71412CB0262B1F6D00472B34 /* Assets.xcassets in Resources */,
			);
			runOnlyForDeploymentPostprocessing = 0;
		};
		71412CB7262B1F6E00472B34 /* Resources */ = {
			isa = PBXResourcesBuildPhase;
			buildActionMask = 2147483647;
			files = (
				71412D78262B2D3300472B34 /* SuccessfulResponse.json in Resources */,
				71412D77262B2D3300472B34 /* FailingResponse.json in Resources */,
			);
			runOnlyForDeploymentPostprocessing = 0;
		};
/* End PBXResourcesBuildPhase section */

/* Begin PBXSourcesBuildPhase section */
		71412C9F262B1F6D00472B34 /* Sources */ = {
			isa = PBXSourcesBuildPhase;
			buildActionMask = 2147483647;
			files = (
				71412D2A262B2A4100472B34 /* CardSourceable.swift in Sources */,
				71412DAC262B463E00472B34 /* DetailsViewController.swift in Sources */,
				71412D31262B2A4100472B34 /* MainListBuilder.swift in Sources */,
				71412D94262B456A00472B34 /* BookRepository.swift in Sources */,
				71C7E2A2262B6E5B00B13871 /* GraphicsRepository.swift in Sources */,
				71412DAA262B463E00472B34 /* DetailsDataSource.swift in Sources */,
				71412D93262B456A00472B34 /* DetailsRepository.swift in Sources */,
				71412CF1262B246500472B34 /* MainCoordinator.swift in Sources */,
				7180C2DF262B6AEC0078AEFE /* GraphicsViewModel.swift in Sources */,
				71412CA7262B1F6D00472B34 /* AppDelegate.swift in Sources */,
				71412D2D262B2A4100472B34 /* ItemDataSource.swift in Sources */,
				71412DA0262B45F700472B34 /* DetailsViewModel.swift in Sources */,
				71412D95262B456A00472B34 /* BookDetailsDTO.swift in Sources */,
				71412D97262B456A00472B34 /* DetailsSetup.swift in Sources */,
				71C7E297262B6CC500B13871 /* GraphicsTimeFrameDTO.swift in Sources */,
				71412D03262B285800472B34 /* Constants.swift in Sources */,
				71412D16262B292900472B34 /* Extension+UICollectionView.swift in Sources */,
				7180C2D9262B61250078AEFE /* Extension+UIViewController.swift in Sources */,
				71412DB9262B48BB00472B34 /* BookItemCell.swift in Sources */,
				71412D99262B456A00472B34 /* RepoSetup.swift in Sources */,
				71412D96262B456A00472B34 /* BookOverviewDTO.swift in Sources */,
				71412DB7262B48BB00472B34 /* InfiniteListViewController.swift in Sources */,
				71412D38262B2ADF00472B34 /* MainListViewModel.swift in Sources */,
				71412DAB262B463E00472B34 /* BookDetailsPayload.swift in Sources */,
				71412D2F262B2A4100472B34 /* MainListingViewController.swift in Sources */,
				71C7E28F262B6B9200B13871 /* GraphicsSetup.swift in Sources */,
				71C7E29B262B6D2100B13871 /* ResponsePayload.swift in Sources */,
				7180C2D2262B60890078AEFE /* GraphicsViewController.swift in Sources */,
				71412D2B262B2A4100472B34 /* BookListingPayload.swift in Sources */,
				71412D41262B2B5100472B34 /* CoinHandler.swift in Sources */,
				71412D17262B292900472B34 /* Extension+Navigation.swift in Sources */,
				71412D2C262B2A4100472B34 /* ListItemViewCell.swift in Sources */,
			);
			runOnlyForDeploymentPostprocessing = 0;
		};
		71412CB5262B1F6E00472B34 /* Sources */ = {
			isa = PBXSourcesBuildPhase;
			buildActionMask = 2147483647;
			files = (
				71412D79262B2D3300472B34 /* FailureRequestManagerMocks.swift in Sources */,
				71412D7A262B2D3300472B34 /* FakeBookRepo.swift in Sources */,
				71412D76262B2D3300472B34 /* BookRepositoryTestCases.swift in Sources */,
			);
			runOnlyForDeploymentPostprocessing = 0;
		};
/* End PBXSourcesBuildPhase section */

/* Begin PBXTargetDependency section */
		71412CBB262B1F6E00472B34 /* PBXTargetDependency */ = {
			isa = PBXTargetDependency;
			target = 71412CA2262B1F6D00472B34 /* CriptoWatcher */;
			targetProxy = 71412CBA262B1F6E00472B34 /* PBXContainerItemProxy */;
		};
/* End PBXTargetDependency section */

/* Begin PBXVariantGroup section */
		71412CB1262B1F6D00472B34 /* LaunchScreen.storyboard */ = {
			isa = PBXVariantGroup;
			children = (
				71412CB2262B1F6D00472B34 /* Base */,
			);
			name = LaunchScreen.storyboard;
			sourceTree = "<group>";
		};
/* End PBXVariantGroup section */

/* Begin XCBuildConfiguration section */
		71412CCB262B1F6E00472B34 /* Debug */ = {
			isa = XCBuildConfiguration;
			buildSettings = {
				ALWAYS_SEARCH_USER_PATHS = NO;
				CLANG_ANALYZER_NONNULL = YES;
				CLANG_ANALYZER_NUMBER_OBJECT_CONVERSION = YES_AGGRESSIVE;
				CLANG_CXX_LANGUAGE_STANDARD = "gnu++14";
				CLANG_CXX_LIBRARY = "libc++";
				CLANG_ENABLE_MODULES = YES;
				CLANG_ENABLE_OBJC_ARC = YES;
				CLANG_ENABLE_OBJC_WEAK = YES;
				CLANG_WARN_BLOCK_CAPTURE_AUTORELEASING = YES;
				CLANG_WARN_BOOL_CONVERSION = YES;
				CLANG_WARN_COMMA = YES;
				CLANG_WARN_CONSTANT_CONVERSION = YES;
				CLANG_WARN_DEPRECATED_OBJC_IMPLEMENTATIONS = YES;
				CLANG_WARN_DIRECT_OBJC_ISA_USAGE = YES_ERROR;
				CLANG_WARN_DOCUMENTATION_COMMENTS = YES;
				CLANG_WARN_EMPTY_BODY = YES;
				CLANG_WARN_ENUM_CONVERSION = YES;
				CLANG_WARN_INFINITE_RECURSION = YES;
				CLANG_WARN_INT_CONVERSION = YES;
				CLANG_WARN_NON_LITERAL_NULL_CONVERSION = YES;
				CLANG_WARN_OBJC_IMPLICIT_RETAIN_SELF = YES;
				CLANG_WARN_OBJC_LITERAL_CONVERSION = YES;
				CLANG_WARN_OBJC_ROOT_CLASS = YES_ERROR;
				CLANG_WARN_QUOTED_INCLUDE_IN_FRAMEWORK_HEADER = YES;
				CLANG_WARN_RANGE_LOOP_ANALYSIS = YES;
				CLANG_WARN_STRICT_PROTOTYPES = YES;
				CLANG_WARN_SUSPICIOUS_MOVE = YES;
				CLANG_WARN_UNGUARDED_AVAILABILITY = YES_AGGRESSIVE;
				CLANG_WARN_UNREACHABLE_CODE = YES;
				CLANG_WARN__DUPLICATE_METHOD_MATCH = YES;
				COPY_PHASE_STRIP = NO;
				DEBUG_INFORMATION_FORMAT = dwarf;
				ENABLE_STRICT_OBJC_MSGSEND = YES;
				ENABLE_TESTABILITY = YES;
				GCC_C_LANGUAGE_STANDARD = gnu11;
				GCC_DYNAMIC_NO_PIC = NO;
				GCC_NO_COMMON_BLOCKS = YES;
				GCC_OPTIMIZATION_LEVEL = 0;
				GCC_PREPROCESSOR_DEFINITIONS = (
					"DEBUG=1",
					"$(inherited)",
				);
				GCC_WARN_64_TO_32_BIT_CONVERSION = YES;
				GCC_WARN_ABOUT_RETURN_TYPE = YES_ERROR;
				GCC_WARN_UNDECLARED_SELECTOR = YES;
				GCC_WARN_UNINITIALIZED_AUTOS = YES_AGGRESSIVE;
				GCC_WARN_UNUSED_FUNCTION = YES;
				GCC_WARN_UNUSED_VARIABLE = YES;
				IPHONEOS_DEPLOYMENT_TARGET = 10.0;
				MTL_ENABLE_DEBUG_INFO = INCLUDE_SOURCE;
				MTL_FAST_MATH = YES;
				ONLY_ACTIVE_ARCH = YES;
				SDKROOT = iphoneos;
				SWIFT_ACTIVE_COMPILATION_CONDITIONS = DEBUG;
				SWIFT_OPTIMIZATION_LEVEL = "-Onone";
			};
			name = Debug;
		};
		71412CCC262B1F6E00472B34 /* Release */ = {
			isa = XCBuildConfiguration;
			buildSettings = {
				ALWAYS_SEARCH_USER_PATHS = NO;
				CLANG_ANALYZER_NONNULL = YES;
				CLANG_ANALYZER_NUMBER_OBJECT_CONVERSION = YES_AGGRESSIVE;
				CLANG_CXX_LANGUAGE_STANDARD = "gnu++14";
				CLANG_CXX_LIBRARY = "libc++";
				CLANG_ENABLE_MODULES = YES;
				CLANG_ENABLE_OBJC_ARC = YES;
				CLANG_ENABLE_OBJC_WEAK = YES;
				CLANG_WARN_BLOCK_CAPTURE_AUTORELEASING = YES;
				CLANG_WARN_BOOL_CONVERSION = YES;
				CLANG_WARN_COMMA = YES;
				CLANG_WARN_CONSTANT_CONVERSION = YES;
				CLANG_WARN_DEPRECATED_OBJC_IMPLEMENTATIONS = YES;
				CLANG_WARN_DIRECT_OBJC_ISA_USAGE = YES_ERROR;
				CLANG_WARN_DOCUMENTATION_COMMENTS = YES;
				CLANG_WARN_EMPTY_BODY = YES;
				CLANG_WARN_ENUM_CONVERSION = YES;
				CLANG_WARN_INFINITE_RECURSION = YES;
				CLANG_WARN_INT_CONVERSION = YES;
				CLANG_WARN_NON_LITERAL_NULL_CONVERSION = YES;
				CLANG_WARN_OBJC_IMPLICIT_RETAIN_SELF = YES;
				CLANG_WARN_OBJC_LITERAL_CONVERSION = YES;
				CLANG_WARN_OBJC_ROOT_CLASS = YES_ERROR;
				CLANG_WARN_QUOTED_INCLUDE_IN_FRAMEWORK_HEADER = YES;
				CLANG_WARN_RANGE_LOOP_ANALYSIS = YES;
				CLANG_WARN_STRICT_PROTOTYPES = YES;
				CLANG_WARN_SUSPICIOUS_MOVE = YES;
				CLANG_WARN_UNGUARDED_AVAILABILITY = YES_AGGRESSIVE;
				CLANG_WARN_UNREACHABLE_CODE = YES;
				CLANG_WARN__DUPLICATE_METHOD_MATCH = YES;
				COPY_PHASE_STRIP = NO;
				DEBUG_INFORMATION_FORMAT = "dwarf-with-dsym";
				ENABLE_NS_ASSERTIONS = NO;
				ENABLE_STRICT_OBJC_MSGSEND = YES;
				GCC_C_LANGUAGE_STANDARD = gnu11;
				GCC_NO_COMMON_BLOCKS = YES;
				GCC_WARN_64_TO_32_BIT_CONVERSION = YES;
				GCC_WARN_ABOUT_RETURN_TYPE = YES_ERROR;
				GCC_WARN_UNDECLARED_SELECTOR = YES;
				GCC_WARN_UNINITIALIZED_AUTOS = YES_AGGRESSIVE;
				GCC_WARN_UNUSED_FUNCTION = YES;
				GCC_WARN_UNUSED_VARIABLE = YES;
				IPHONEOS_DEPLOYMENT_TARGET = 10.0;
				MTL_ENABLE_DEBUG_INFO = NO;
				MTL_FAST_MATH = YES;
				SDKROOT = iphoneos;
				SWIFT_COMPILATION_MODE = wholemodule;
				SWIFT_OPTIMIZATION_LEVEL = "-O";
				VALIDATE_PRODUCT = YES;
			};
			name = Release;
		};
		71412CCE262B1F6E00472B34 /* Debug */ = {
			isa = XCBuildConfiguration;
			buildSettings = {
				ASSETCATALOG_COMPILER_APPICON_NAME = AppIcon;
				ASSETCATALOG_COMPILER_GLOBAL_ACCENT_COLOR_NAME = AccentColor;
				CODE_SIGN_STYLE = Automatic;
				DEVELOPMENT_TEAM = F7CXK2PKWD;
				INFOPLIST_FILE = CriptoWatcher/Info.plist;
				LD_RUNPATH_SEARCH_PATHS = (
					"$(inherited)",
					"@executable_path/Frameworks",
				);
				PRODUCT_BUNDLE_IDENTIFIER = com.poc.CriptoWatcher;
				PRODUCT_NAME = "$(TARGET_NAME)";
				SWIFT_VERSION = 5.0;
				TARGETED_DEVICE_FAMILY = "1,2";
			};
			name = Debug;
		};
		71412CCF262B1F6E00472B34 /* Release */ = {
			isa = XCBuildConfiguration;
			buildSettings = {
				ASSETCATALOG_COMPILER_APPICON_NAME = AppIcon;
				ASSETCATALOG_COMPILER_GLOBAL_ACCENT_COLOR_NAME = AccentColor;
				CODE_SIGN_STYLE = Automatic;
				DEVELOPMENT_TEAM = F7CXK2PKWD;
				INFOPLIST_FILE = CriptoWatcher/Info.plist;
				LD_RUNPATH_SEARCH_PATHS = (
					"$(inherited)",
					"@executable_path/Frameworks",
				);
				PRODUCT_BUNDLE_IDENTIFIER = com.poc.CriptoWatcher;
				PRODUCT_NAME = "$(TARGET_NAME)";
				SWIFT_VERSION = 5.0;
				TARGETED_DEVICE_FAMILY = "1,2";
			};
			name = Release;
		};
		71412CD1262B1F6E00472B34 /* Debug */ = {
			isa = XCBuildConfiguration;
			buildSettings = {
				ALWAYS_EMBED_SWIFT_STANDARD_LIBRARIES = YES;
				BUNDLE_LOADER = "$(TEST_HOST)";
				CODE_SIGN_STYLE = Automatic;
				DEVELOPMENT_TEAM = F7CXK2PKWD;
				INFOPLIST_FILE = CriptoWatcherTests/Info.plist;
				IPHONEOS_DEPLOYMENT_TARGET = 14.4;
				LD_RUNPATH_SEARCH_PATHS = (
					"$(inherited)",
					"@executable_path/Frameworks",
					"@loader_path/Frameworks",
				);
				PRODUCT_BUNDLE_IDENTIFIER = com.poc.CriptoWatcherTests;
				PRODUCT_NAME = "$(TARGET_NAME)";
				SWIFT_VERSION = 5.0;
				TARGETED_DEVICE_FAMILY = "1,2";
				TEST_HOST = "$(BUILT_PRODUCTS_DIR)/CriptoWatcher.app/CriptoWatcher";
			};
			name = Debug;
		};
		71412CD2262B1F6E00472B34 /* Release */ = {
			isa = XCBuildConfiguration;
			buildSettings = {
				ALWAYS_EMBED_SWIFT_STANDARD_LIBRARIES = YES;
				BUNDLE_LOADER = "$(TEST_HOST)";
				CODE_SIGN_STYLE = Automatic;
				DEVELOPMENT_TEAM = F7CXK2PKWD;
				INFOPLIST_FILE = CriptoWatcherTests/Info.plist;
				IPHONEOS_DEPLOYMENT_TARGET = 14.4;
				LD_RUNPATH_SEARCH_PATHS = (
					"$(inherited)",
					"@executable_path/Frameworks",
					"@loader_path/Frameworks",
				);
				PRODUCT_BUNDLE_IDENTIFIER = com.poc.CriptoWatcherTests;
				PRODUCT_NAME = "$(TARGET_NAME)";
				SWIFT_VERSION = 5.0;
				TARGETED_DEVICE_FAMILY = "1,2";
				TEST_HOST = "$(BUILT_PRODUCTS_DIR)/CriptoWatcher.app/CriptoWatcher";
			};
			name = Release;
		};
/* End XCBuildConfiguration section */

/* Begin XCConfigurationList section */
		71412C9E262B1F6D00472B34 /* Build configuration list for PBXProject "CriptoWatcher" */ = {
			isa = XCConfigurationList;
			buildConfigurations = (
				71412CCB262B1F6E00472B34 /* Debug */,
				71412CCC262B1F6E00472B34 /* Release */,
			);
			defaultConfigurationIsVisible = 0;
			defaultConfigurationName = Release;
		};
		71412CCD262B1F6E00472B34 /* Build configuration list for PBXNativeTarget "CriptoWatcher" */ = {
			isa = XCConfigurationList;
			buildConfigurations = (
				71412CCE262B1F6E00472B34 /* Debug */,
				71412CCF262B1F6E00472B34 /* Release */,
			);
			defaultConfigurationIsVisible = 0;
			defaultConfigurationName = Release;
		};
		71412CD0262B1F6E00472B34 /* Build configuration list for PBXNativeTarget "CriptoWatcherTests" */ = {
			isa = XCConfigurationList;
			buildConfigurations = (
				71412CD1262B1F6E00472B34 /* Debug */,
				71412CD2262B1F6E00472B34 /* Release */,
			);
			defaultConfigurationIsVisible = 0;
			defaultConfigurationName = Release;
		};
/* End XCConfigurationList section */

/* Begin XCRemoteSwiftPackageReference section */
		71412CF8262B27FE00472B34 /* XCRemoteSwiftPackageReference "MauriNet" */ = {
			isa = XCRemoteSwiftPackageReference;
			repositoryURL = "git@github.com:mchirino89/MauriNet.git";
			requirement = {
				kind = upToNextMajorVersion;
				minimumVersion = 0.4.0;
			};
		};
		71412CFD262B282300472B34 /* XCRemoteSwiftPackageReference "MauriUtils" */ = {
			isa = XCRemoteSwiftPackageReference;
			repositoryURL = "git@github.com:mchirino89/MauriUtils.git";
			requirement = {
				kind = upToNextMajorVersion;
				minimumVersion = 1.0.0;
			};
		};
/* End XCRemoteSwiftPackageReference section */

/* Begin XCSwiftPackageProductDependency section */
		71412CF9262B27FE00472B34 /* MauriNet */ = {
			isa = XCSwiftPackageProductDependency;
			package = 71412CF8262B27FE00472B34 /* XCRemoteSwiftPackageReference "MauriNet" */;
			productName = MauriNet;
		};
		71412CFE262B282300472B34 /* MauriUtils */ = {
			isa = XCSwiftPackageProductDependency;
			package = 71412CFD262B282300472B34 /* XCRemoteSwiftPackageReference "MauriUtils" */;
			productName = MauriUtils;
		};
/* End XCSwiftPackageProductDependency section */
	};
	rootObject = 71412C9B262B1F6D00472B34 /* Project object */;
}
